
Microsoft Visual Studio Solution File, Format Version 12.00
# Visual Studio Version 17
VisualStudioVersion = 17.3.32825.248
MinimumVisualStudioVersion = 10.0.40219.1
Project("{FAE04EC0-301F-11D3-BF4B-00C04F79EFBC}") = "fib", "fib\fib.csproj", "{16062600-42FA-4F35-B408-E29D22464793}"
EndProject
Global
	GlobalSection(SolutionConfigurationPlatforms) = preSolution
		Debug|Any CPU = Debug|Any CPU
		Release|Any CPU = Release|Any CPU
	EndGlobalSection
	GlobalSection(ProjectConfigurationPlatforms) = postSolution
		{16062600-42FA-4F35-B408-E29D22464793}.Debug|Any CPU.ActiveCfg = Debug|Any CPU
		{16062600-42FA-4F35-B408-E29D22464793}.Debug|Any CPU.Build.0 = Debug|Any CPU
		{16062600-42FA-4F35-B408-E29D22464793}.Release|Any CPU.ActiveCfg = Release|Any CPU
		{16062600-42FA-4F35-B408-E29D22464793}.Release|Any CPU.Build.0 = Release|Any CPU
	EndGlobalSection
	GlobalSection(SolutionProperties) = preSolution
		HideSolutionNode = FALSE
	EndGlobalSection
	GlobalSection(ExtensibilityGlobals) = postSolution
		SolutionGuid = {C6884055-0F26-4287-8253-C544DC17940F}
	EndGlobalSection
EndGlobal
